{
	"name": "yewu",
	"version": "1.3.0",
	"lockfileVersion": 1,
	"requires": true,
	"dependencies": {
		"ansi-colors": {
			"version": "4.1.3",
			"resolved": "http://npm.eslink.cc/ansi-colors/-/ansi-colors-4.1.3.tgz",
			"integrity": "sha512-/6w/C21Pm1A7aZitlI5Ni/2J6FFQN8i1Cvz3kHABAAbw93v/NlvKdVOqz7CCWz/3iv/JplRSEEZ83XION15ovw==",
			"dev": true
		},
		"auto-vers": {
			"version": "1.0.3",
			"resolved": "http://npm.eslink.cc/auto-vers/-/auto-vers-1.0.3.tgz",
			"integrity": "sha512-cc2qm62FfSIzYRelMObfChV0lQ5+55g0/HYiCztaN2ldCks565+Gb53h2kTX4G9LbOevQUUAPpqLZX0KNj+xjg==",
			"dev": true,
			"requires": {
				"colors": "^1.3.3",
				"enquirer": "^2.3.0",
				"package-io": "^1.0.2",
				"semver": "^5.6.0"
			}
		},
		"colors": {
			"version": "1.4.2",
			"resolved": "http://npm.eslink.cc/colors/-/colors-1.4.2.tgz",
			"integrity": "sha512-5QhJWPFZqkKIieXJPpCprdOytvH7v0AGWpu9K2jZ4LWkGg3dVBNoYPgGGRpEsc0jb8Boy0ElYrdjH9uXfhRSqw==",
			"dev": true
		},
		"enquirer": {
			"version": "2.3.6",
			"resolved": "http://npm.eslink.cc/enquirer/-/enquirer-2.3.6.tgz",
			"integrity": "sha512-yjNnPr315/FjS4zIsUxYguYUPP2e1NK4d7E7ZOLiyYCcbFBiTMyID+2wvm2w6+pZ/odMA7cRkjhsPbltwBOrLg==",
			"dev": true,
			"requires": {
				"ansi-colors": "^4.1.1"
			}
		},
		"package-io": {
			"version": "1.0.5",
			"resolved": "http://npm.eslink.cc/package-io/-/package-io-1.0.5.tgz",
			"integrity": "sha512-crpQS4C36RrBrjiFNc/82DMkrNmuEQap1bH6aLcpZ/rizQF/rPJPTRHKjtsyAXGB8j6swMVvZsppwn6pe8hBcw==",
			"dev": true
		},
		"semver": {
			"version": "5.7.1",
			"resolved": "http://npm.eslink.cc/semver/-/semver-5.7.1.tgz",
			"integrity": "sha512-sauaDf/PZdVgrLTNYHRtpXa1iRiKcaebiKQ1BJdpQlWH2lCvexQdX55snPFyK7QzpudqbCI0qXFfOasHdyNDGQ==",
			"dev": true
		}
	}
}
